
Microsoft Visual Studio Solution File, Format Version 12.00
# Visual Studio Version 16
VisualStudioVersion = 16.0.31129.286
MinimumVisualStudioVersion = 10.0.40219.1
Project("{FAE04EC0-301F-11D3-BF4B-00C04F79EFBC}") = "sistemadetickets", "sistemadetickets.csproj", "{8EDF3EFC-1BE6-4116-BFF5-C3DC7F4A4061}"
EndProject
Project("{FAE04EC0-301F-11D3-BF4B-00C04F79EFBC}") = "consumirsistemadetickets", "..\consumirsistemadetickets\consumirsistemadetickets.csproj", "{ED014516-7A64-47CB-A543-74E1078F5C1F}"
	ProjectSection(ProjectDependencies) = postProject
		{8EDF3EFC-1BE6-4116-BFF5-C3DC7F4A4061} = {8EDF3EFC-1BE6-4116-BFF5-C3DC7F4A4061}
	EndProjectSection
EndProject
Global
	GlobalSection(SolutionConfigurationPlatforms) = preSolution
		Debug|Any CPU = Debug|Any CPU
		Release|Any CPU = Release|Any CPU
	EndGlobalSection
	GlobalSection(ProjectConfigurationPlatforms) = postSolution
		{8EDF3EFC-1BE6-4116-BFF5-C3DC7F4A4061}.Debug|Any CPU.ActiveCfg = Debug|Any CPU
		{8EDF3EFC-1BE6-4116-BFF5-C3DC7F4A4061}.Debug|Any CPU.Build.0 = Debug|Any CPU
		{8EDF3EFC-1BE6-4116-BFF5-C3DC7F4A4061}.Release|Any CPU.ActiveCfg = Release|Any CPU
		{8EDF3EFC-1BE6-4116-BFF5-C3DC7F4A4061}.Release|Any CPU.Build.0 = Release|Any CPU
		{ED014516-7A64-47CB-A543-74E1078F5C1F}.Debug|Any CPU.ActiveCfg = Debug|Any CPU
		{ED014516-7A64-47CB-A543-74E1078F5C1F}.Debug|Any CPU.Build.0 = Debug|Any CPU
		{ED014516-7A64-47CB-A543-74E1078F5C1F}.Release|Any CPU.ActiveCfg = Release|Any CPU
		{ED014516-7A64-47CB-A543-74E1078F5C1F}.Release|Any CPU.Build.0 = Release|Any CPU
	EndGlobalSection
	GlobalSection(SolutionProperties) = preSolution
		HideSolutionNode = FALSE
	EndGlobalSection
	GlobalSection(ExtensibilityGlobals) = postSolution
		SolutionGuid = {A9BBD268-9C99-44D5-A202-5B25F5B6B48C}
	EndGlobalSection
EndGlobal
